// !$*UTF8*$!
{
	archiveVersion = 1;
	classes = {
	};
	objectVersion = 55;
	objects = {

/* Begin PBXBuildFile section */
		2576660F2898EAAC00E75EC1 /* FirebaseWithTCAApp.swift in Sources */ = {isa = PBXBuildFile; fileRef = 2576660E2898EAAC00E75EC1 /* FirebaseWithTCAApp.swift */; };
		257666112898EAAC00E75EC1 /* ContentView.swift in Sources */ = {isa = PBXBuildFile; fileRef = 257666102898EAAC00E75EC1 /* ContentView.swift */; };
		257666132898EAAD00E75EC1 /* Assets.xcassets in Resources */ = {isa = PBXBuildFile; fileRef = 257666122898EAAD00E75EC1 /* Assets.xcassets */; };
		257666162898EAAD00E75EC1 /* Preview Assets.xcassets in Resources */ = {isa = PBXBuildFile; fileRef = 257666152898EAAD00E75EC1 /* Preview Assets.xcassets */; };
		257666202898EAAD00E75EC1 /* FirebaseWithTCATests.swift in Sources */ = {isa = PBXBuildFile; fileRef = 2576661F2898EAAD00E75EC1 /* FirebaseWithTCATests.swift */; };
		2576663A2898EB0E00E75EC1 /* ComposableArchitecture in Frameworks */ = {isa = PBXBuildFile; productRef = 257666392898EB0E00E75EC1 /* ComposableArchitecture */; };
		2576663D2898EB8400E75EC1 /* FirebaseAuth in Frameworks */ = {isa = PBXBuildFile; productRef = 2576663C2898EB8400E75EC1 /* FirebaseAuth */; };
		2576663F2898EB8400E75EC1 /* FirebaseAuthCombine-Community in Frameworks */ = {isa = PBXBuildFile; productRef = 2576663E2898EB8400E75EC1 /* FirebaseAuthCombine-Community */; };
		257666412898EB8400E75EC1 /* FirebaseDynamicLinks in Frameworks */ = {isa = PBXBuildFile; productRef = 257666402898EB8400E75EC1 /* FirebaseDynamicLinks */; };
		257666442898EC7B00E75EC1 /* AuthView.swift in Sources */ = {isa = PBXBuildFile; fileRef = 257666432898EC7B00E75EC1 /* AuthView.swift */; };
		257666482898ECDB00E75EC1 /* GoogleService-Info.plist in Resources */ = {isa = PBXBuildFile; fileRef = 257666472898ECDB00E75EC1 /* GoogleService-Info.plist */; };
		2576664A2898EE8600E75EC1 /* AuthClient.swift in Sources */ = {isa = PBXBuildFile; fileRef = 257666492898EE8600E75EC1 /* AuthClient.swift */; };
		2576664C2898FE4F00E75EC1 /* Error+Extension.swift in Sources */ = {isa = PBXBuildFile; fileRef = 2576664B2898FE4E00E75EC1 /* Error+Extension.swift */; };
/* End PBXBuildFile section */

/* Begin PBXContainerItemProxy section */
		2576661C2898EAAD00E75EC1 /* PBXContainerItemProxy */ = {
			isa = PBXContainerItemProxy;
			containerPortal = 257666032898EAAC00E75EC1 /* Project object */;
			proxyType = 1;
			remoteGlobalIDString = 2576660A2898EAAC00E75EC1;
			remoteInfo = FirebaseWithTCA;
		};
/* End PBXContainerItemProxy section */

/* Begin PBXFileReference section */
		253CDB3029559D6B00F76485 /* README.md */ = {isa = PBXFileReference; lastKnownFileType = net.daringfireball.markdown; path = README.md; sourceTree = SOURCE_ROOT; };
		253CDB3129559D6B00F76485 /* LICENCE */ = {isa = PBXFileReference; lastKnownFileType = text; path = LICENCE; sourceTree = SOURCE_ROOT; };
		2576660B2898EAAC00E75EC1 /* FirebaseWithTCA.app */ = {isa = PBXFileReference; explicitFileType = wrapper.application; includeInIndex = 0; path = FirebaseWithTCA.app; sourceTree = BUILT_PRODUCTS_DIR; };
		2576660E2898EAAC00E75EC1 /* FirebaseWithTCAApp.swift */ = {isa = PBXFileReference; indentWidth = 2; lastKnownFileType = sourcecode.swift; path = FirebaseWithTCAApp.swift; sourceTree = "<group>"; tabWidth = 2; };
		257666102898EAAC00E75EC1 /* ContentView.swift */ = {isa = PBXFileReference; indentWidth = 2; lastKnownFileType = sourcecode.swift; path = ContentView.swift; sourceTree = "<group>"; tabWidth = 2; };
		257666122898EAAD00E75EC1 /* Assets.xcassets */ = {isa = PBXFileReference; lastKnownFileType = folder.assetcatalog; path = Assets.xcassets; sourceTree = "<group>"; };
		257666152898EAAD00E75EC1 /* Preview Assets.xcassets */ = {isa = PBXFileReference; lastKnownFileType = folder.assetcatalog; path = "Preview Assets.xcassets"; sourceTree = "<group>"; };
		2576661B2898EAAD00E75EC1 /* FirebaseWithTCATests.xctest */ = {isa = PBXFileReference; explicitFileType = wrapper.cfbundle; includeInIndex = 0; path = FirebaseWithTCATests.xctest; sourceTree = BUILT_PRODUCTS_DIR; };
		2576661F2898EAAD00E75EC1 /* FirebaseWithTCATests.swift */ = {isa = PBXFileReference; lastKnownFileType = sourcecode.swift; path = FirebaseWithTCATests.swift; sourceTree = "<group>"; };
		257666432898EC7B00E75EC1 /* AuthView.swift */ = {isa = PBXFileReference; indentWidth = 2; lastKnownFileType = sourcecode.swift; path = AuthView.swift; sourceTree = "<group>"; tabWidth = 2; };
		257666472898ECDB00E75EC1 /* GoogleService-Info.plist */ = {isa = PBXFileReference; fileEncoding = 4; lastKnownFileType = text.plist.xml; path = "GoogleService-Info.plist"; sourceTree = "<group>"; };
		257666492898EE8600E75EC1 /* AuthClient.swift */ = {isa = PBXFileReference; indentWidth = 2; lastKnownFileType = sourcecode.swift; path = AuthClient.swift; sourceTree = "<group>"; tabWidth = 2; };
		2576664B2898FE4E00E75EC1 /* Error+Extension.swift */ = {isa = PBXFileReference; indentWidth = 2; lastKnownFileType = sourcecode.swift; path = "Error+Extension.swift"; sourceTree = "<group>"; tabWidth = 2; };
/* End PBXFileReference section */

/* Begin PBXFrameworksBuildPhase section */
		257666082898EAAC00E75EC1 /* Frameworks */ = {
			isa = PBXFrameworksBuildPhase;
			buildActionMask = 2147483647;
			files = (
				2576663A2898EB0E00E75EC1 /* ComposableArchitecture in Frameworks */,
				2576663F2898EB8400E75EC1 /* FirebaseAuthCombine-Community in Frameworks */,
				2576663D2898EB8400E75EC1 /* FirebaseAuth in Frameworks */,
				257666412898EB8400E75EC1 /* FirebaseDynamicLinks in Frameworks */,
			);
			runOnlyForDeploymentPostprocessing = 0;
		};
		257666182898EAAD00E75EC1 /* Frameworks */ = {
			isa = PBXFrameworksBuildPhase;
			buildActionMask = 2147483647;
			files = (
			);
			runOnlyForDeploymentPostprocessing = 0;
		};
/* End PBXFrameworksBuildPhase section */

/* Begin PBXGroup section */
		257666022898EAAC00E75EC1 = {
			isa = PBXGroup;
			children = (
				253CDB3129559D6B00F76485 /* LICENCE */,
				253CDB3029559D6B00F76485 /* README.md */,
				2576660D2898EAAC00E75EC1 /* FirebaseWithTCA */,
				2576661E2898EAAD00E75EC1 /* FirebaseWithTCATests */,
				2576660C2898EAAC00E75EC1 /* Products */,
			);
			sourceTree = "<group>";
		};
		2576660C2898EAAC00E75EC1 /* Products */ = {
			isa = PBXGroup;
			children = (
				2576660B2898EAAC00E75EC1 /* FirebaseWithTCA.app */,
				2576661B2898EAAD00E75EC1 /* FirebaseWithTCATests.xctest */,
			);
			name = Products;
			sourceTree = "<group>";
		};
		2576660D2898EAAC00E75EC1 /* FirebaseWithTCA */ = {
			isa = PBXGroup;
			children = (
				257666472898ECDB00E75EC1 /* GoogleService-Info.plist */,
				257666422898EB8F00E75EC1 /* Auth */,
				2576660E2898EAAC00E75EC1 /* FirebaseWithTCAApp.swift */,
				257666102898EAAC00E75EC1 /* ContentView.swift */,
				2576664B2898FE4E00E75EC1 /* Error+Extension.swift */,
				257666122898EAAD00E75EC1 /* Assets.xcassets */,
				257666142898EAAD00E75EC1 /* Preview Content */,
			);
			path = FirebaseWithTCA;
			sourceTree = "<group>";
		};
		257666142898EAAD00E75EC1 /* Preview Content */ = {
			isa = PBXGroup;
			children = (
				257666152898EAAD00E75EC1 /* Preview Assets.xcassets */,
			);
			path = "Preview Content";
			sourceTree = "<group>";
		};
		2576661E2898EAAD00E75EC1 /* FirebaseWithTCATests */ = {
			isa = PBXGroup;
			children = (
				2576661F2898EAAD00E75EC1 /* FirebaseWithTCATests.swift */,
			);
			path = FirebaseWithTCATests;
			sourceTree = "<group>";
		};
		257666422898EB8F00E75EC1 /* Auth */ = {
			isa = PBXGroup;
			children = (
				257666432898EC7B00E75EC1 /* AuthView.swift */,
				257666492898EE8600E75EC1 /* AuthClient.swift */,
			);
			path = Auth;
			sourceTree = "<group>";
		};
/* End PBXGroup section */

/* Begin PBXNativeTarget section */
		2576660A2898EAAC00E75EC1 /* FirebaseWithTCA */ = {
			isa = PBXNativeTarget;
			buildConfigurationList = 2576662F2898EAAD00E75EC1 /* Build configuration list for PBXNativeTarget "FirebaseWithTCA" */;
			buildPhases = (
				257666072898EAAC00E75EC1 /* Sources */,
				257666082898EAAC00E75EC1 /* Frameworks */,
				257666092898EAAC00E75EC1 /* Resources */,
			);
			buildRules = (
			);
			dependencies = (
			);
			name = FirebaseWithTCA;
			packageProductDependencies = (
				257666392898EB0E00E75EC1 /* ComposableArchitecture */,
				2576663C2898EB8400E75EC1 /* FirebaseAuth */,
				2576663E2898EB8400E75EC1 /* FirebaseAuthCombine-Community */,
				257666402898EB8400E75EC1 /* FirebaseDynamicLinks */,
			);
			productName = FirebaseWithTCA;
			productReference = 2576660B2898EAAC00E75EC1 /* FirebaseWithTCA.app */;
			productType = "com.apple.product-type.application";
		};
		2576661A2898EAAD00E75EC1 /* FirebaseWithTCATests */ = {
			isa = PBXNativeTarget;
			buildConfigurationList = 257666322898EAAD00E75EC1 /* Build configuration list for PBXNativeTarget "FirebaseWithTCATests" */;
			buildPhases = (
				257666172898EAAD00E75EC1 /* Sources */,
				257666182898EAAD00E75EC1 /* Frameworks */,
				257666192898EAAD00E75EC1 /* Resources */,
			);
			buildRules = (
			);
			dependencies = (
				2576661D2898EAAD00E75EC1 /* PBXTargetDependency */,
			);
			name = FirebaseWithTCATests;
			productName = FirebaseWithTCATests;
			productReference = 2576661B2898EAAD00E75EC1 /* FirebaseWithTCATests.xctest */;
			productType = "com.apple.product-type.bundle.unit-test";
		};
/* End PBXNativeTarget section */

/* Begin PBXProject section */
		257666032898EAAC00E75EC1 /* Project object */ = {
			isa = PBXProject;
			attributes = {
				BuildIndependentTargetsInParallel = 1;
				LastSwiftUpdateCheck = 1330;
				LastUpgradeCheck = 1330;
				TargetAttributes = {
					2576660A2898EAAC00E75EC1 = {
						CreatedOnToolsVersion = 13.3.1;
					};
					2576661A2898EAAD00E75EC1 = {
						CreatedOnToolsVersion = 13.3.1;
						TestTargetID = 2576660A2898EAAC00E75EC1;
					};
				};
			};
			buildConfigurationList = 257666062898EAAC00E75EC1 /* Build configuration list for PBXProject "FirebaseWithTCA" */;
			compatibilityVersion = "Xcode 13.0";
			developmentRegion = en;
			hasScannedForEncodings = 0;
			knownRegions = (
				en,
				Base,
			);
			mainGroup = 257666022898EAAC00E75EC1;
			packageReferences = (
				257666382898EB0E00E75EC1 /* XCRemoteSwiftPackageReference "swift-composable-architecture" */,
				2576663B2898EB8400E75EC1 /* XCRemoteSwiftPackageReference "firebase-ios-sdk" */,
			);
			productRefGroup = 2576660C2898EAAC00E75EC1 /* Products */;
			projectDirPath = "";
			projectRoot = "";
			targets = (
				2576660A2898EAAC00E75EC1 /* FirebaseWithTCA */,
				2576661A2898EAAD00E75EC1 /* FirebaseWithTCATests */,
			);
		};
/* End PBXProject section */

/* Begin PBXResourcesBuildPhase section */
		257666092898EAAC00E75EC1 /* Resources */ = {
			isa = PBXResourcesBuildPhase;
			buildActionMask = 2147483647;
			files = (
				257666162898EAAD00E75EC1 /* Preview Assets.xcassets in Resources */,
				257666132898EAAD00E75EC1 /* Assets.xcassets in Resources */,
				257666482898ECDB00E75EC1 /* GoogleService-Info.plist in Resources */,
			);
			runOnlyForDeploymentPostprocessing = 0;
		};
		257666192898EAAD00E75EC1 /* Resources */ = {
			isa = PBXResourcesBuildPhase;
			buildActionMask = 2147483647;
			files = (
			);
			runOnlyForDeploymentPostprocessing = 0;
		};
/* End PBXResourcesBuildPhase section */

/* Begin PBXSourcesBuildPhase section */
		257666072898EAAC00E75EC1 /* Sources */ = {
			isa = PBXSourcesBuildPhase;
			buildActionMask = 2147483647;
			files = (
				2576664A2898EE8600E75EC1 /* AuthClient.swift in Sources */,
				257666112898EAAC00E75EC1 /* ContentView.swift in Sources */,
				2576660F2898EAAC00E75EC1 /* FirebaseWithTCAApp.swift in Sources */,
				257666442898EC7B00E75EC1 /* AuthView.swift in Sources */,
				2576664C2898FE4F00E75EC1 /* Error+Extension.swift in Sources */,
			);
			runOnlyForDeploymentPostprocessing = 0;
		};
		257666172898EAAD00E75EC1 /* Sources */ = {
			isa = PBXSourcesBuildPhase;
			buildActionMask = 2147483647;
			files = (
				257666202898EAAD00E75EC1 /* FirebaseWithTCATests.swift in Sources */,
			);
			runOnlyForDeploymentPostprocessing = 0;
		};
/* End PBXSourcesBuildPhase section */

/* Begin PBXTargetDependency section */
		2576661D2898EAAD00E75EC1 /* PBXTargetDependency */ = {
			isa = PBXTargetDependency;
			target = 2576660A2898EAAC00E75EC1 /* FirebaseWithTCA */;
			targetProxy = 2576661C2898EAAD00E75EC1 /* PBXContainerItemProxy */;
		};
/* End PBXTargetDependency section */

/* Begin XCBuildConfiguration section */
		2576662D2898EAAD00E75EC1 /* Debug */ = {
			isa = XCBuildConfiguration;
			buildSettings = {
				ALWAYS_SEARCH_USER_PATHS = NO;
				CLANG_ANALYZER_NONNULL = YES;
				CLANG_ANALYZER_NUMBER_OBJECT_CONVERSION = YES_AGGRESSIVE;
				CLANG_CXX_LANGUAGE_STANDARD = "gnu++17";
				CLANG_ENABLE_MODULES = YES;
				CLANG_ENABLE_OBJC_ARC = YES;
				CLANG_ENABLE_OBJC_WEAK = YES;
				CLANG_WARN_BLOCK_CAPTURE_AUTORELEASING = YES;
				CLANG_WARN_BOOL_CONVERSION = YES;
				CLANG_WARN_COMMA = YES;
				CLANG_WARN_CONSTANT_CONVERSION = YES;
				CLANG_WARN_DEPRECATED_OBJC_IMPLEMENTATIONS = YES;
				CLANG_WARN_DIRECT_OBJC_ISA_USAGE = YES_ERROR;
				CLANG_WARN_DOCUMENTATION_COMMENTS = YES;
				CLANG_WARN_EMPTY_BODY = YES;
				CLANG_WARN_ENUM_CONVERSION = YES;
				CLANG_WARN_INFINITE_RECURSION = YES;
				CLANG_WARN_INT_CONVERSION = YES;
				CLANG_WARN_NON_LITERAL_NULL_CONVERSION = YES;
				CLANG_WARN_OBJC_IMPLICIT_RETAIN_SELF = YES;
				CLANG_WARN_OBJC_LITERAL_CONVERSION = YES;
				CLANG_WARN_OBJC_ROOT_CLASS = YES_ERROR;
				CLANG_WARN_QUOTED_INCLUDE_IN_FRAMEWORK_HEADER = YES;
				CLANG_WARN_RANGE_LOOP_ANALYSIS = YES;
				CLANG_WARN_STRICT_PROTOTYPES = YES;
				CLANG_WARN_SUSPICIOUS_MOVE = YES;
				CLANG_WARN_UNGUARDED_AVAILABILITY = YES_AGGRESSIVE;
				CLANG_WARN_UNREACHABLE_CODE = YES;
				CLANG_WARN__DUPLICATE_METHOD_MATCH = YES;
				COPY_PHASE_STRIP = NO;
				DEBUG_INFORMATION_FORMAT = dwarf;
				ENABLE_STRICT_OBJC_MSGSEND = YES;
				ENABLE_TESTABILITY = YES;
				GCC_C_LANGUAGE_STANDARD = gnu11;
				GCC_DYNAMIC_NO_PIC = NO;
				GCC_NO_COMMON_BLOCKS = YES;
				GCC_OPTIMIZATION_LEVEL = 0;
				GCC_PREPROCESSOR_DEFINITIONS = (
					"DEBUG=1",
					"$(inherited)",
				);
				GCC_WARN_64_TO_32_BIT_CONVERSION = YES;
				GCC_WARN_ABOUT_RETURN_TYPE = YES_ERROR;
				GCC_WARN_UNDECLARED_SELECTOR = YES;
				GCC_WARN_UNINITIALIZED_AUTOS = YES_AGGRESSIVE;
				GCC_WARN_UNUSED_FUNCTION = YES;
				GCC_WARN_UNUSED_VARIABLE = YES;
				IPHONEOS_DEPLOYMENT_TARGET = 15.4;
				MTL_ENABLE_DEBUG_INFO = INCLUDE_SOURCE;
				MTL_FAST_MATH = YES;
				ONLY_ACTIVE_ARCH = YES;
				SDKROOT = iphoneos;
				SWIFT_ACTIVE_COMPILATION_CONDITIONS = DEBUG;
				SWIFT_OPTIMIZATION_LEVEL = "-Onone";
			};
			name = Debug;
		};
		2576662E2898EAAD00E75EC1 /* Release */ = {
			isa = XCBuildConfiguration;
			buildSettings = {
				ALWAYS_SEARCH_USER_PATHS = NO;
				CLANG_ANALYZER_NONNULL = YES;
				CLANG_ANALYZER_NUMBER_OBJECT_CONVERSION = YES_AGGRESSIVE;
				CLANG_CXX_LANGUAGE_STANDARD = "gnu++17";
				CLANG_ENABLE_MODULES = YES;
				CLANG_ENABLE_OBJC_ARC = YES;
				CLANG_ENABLE_OBJC_WEAK = YES;
				CLANG_WARN_BLOCK_CAPTURE_AUTORELEASING = YES;
				CLANG_WARN_BOOL_CONVERSION = YES;
				CLANG_WARN_COMMA = YES;
				CLANG_WARN_CONSTANT_CONVERSION = YES;
				CLANG_WARN_DEPRECATED_OBJC_IMPLEMENTATIONS = YES;
				CLANG_WARN_DIRECT_OBJC_ISA_USAGE = YES_ERROR;
				CLANG_WARN_DOCUMENTATION_COMMENTS = YES;
				CLANG_WARN_EMPTY_BODY = YES;
				CLANG_WARN_ENUM_CONVERSION = YES;
				CLANG_WARN_INFINITE_RECURSION = YES;
				CLANG_WARN_INT_CONVERSION = YES;
				CLANG_WARN_NON_LITERAL_NULL_CONVERSION = YES;
				CLANG_WARN_OBJC_IMPLICIT_RETAIN_SELF = YES;
				CLANG_WARN_OBJC_LITERAL_CONVERSION = YES;
				CLANG_WARN_OBJC_ROOT_CLASS = YES_ERROR;
				CLANG_WARN_QUOTED_INCLUDE_IN_FRAMEWORK_HEADER = YES;
				CLANG_WARN_RANGE_LOOP_ANALYSIS = YES;
				CLANG_WARN_STRICT_PROTOTYPES = YES;
				CLANG_WARN_SUSPICIOUS_MOVE = YES;
				CLANG_WARN_UNGUARDED_AVAILABILITY = YES_AGGRESSIVE;
				CLANG_WARN_UNREACHABLE_CODE = YES;
				CLANG_WARN__DUPLICATE_METHOD_MATCH = YES;
				COPY_PHASE_STRIP = NO;
				DEBUG_INFORMATION_FORMAT = "dwarf-with-dsym";
				ENABLE_NS_ASSERTIONS = NO;
				ENABLE_STRICT_OBJC_MSGSEND = YES;
				GCC_C_LANGUAGE_STANDARD = gnu11;
				GCC_NO_COMMON_BLOCKS = YES;
				GCC_WARN_64_TO_32_BIT_CONVERSION = YES;
				GCC_WARN_ABOUT_RETURN_TYPE = YES_ERROR;
				GCC_WARN_UNDECLARED_SELECTOR = YES;
				GCC_WARN_UNINITIALIZED_AUTOS = YES_AGGRESSIVE;
				GCC_WARN_UNUSED_FUNCTION = YES;
				GCC_WARN_UNUSED_VARIABLE = YES;
				IPHONEOS_DEPLOYMENT_TARGET = 15.4;
				MTL_ENABLE_DEBUG_INFO = NO;
				MTL_FAST_MATH = YES;
				SDKROOT = iphoneos;
				SWIFT_COMPILATION_MODE = wholemodule;
				SWIFT_OPTIMIZATION_LEVEL = "-O";
				VALIDATE_PRODUCT = YES;
			};
			name = Release;
		};
		257666302898EAAD00E75EC1 /* Debug */ = {
			isa = XCBuildConfiguration;
			buildSettings = {
				ASSETCATALOG_COMPILER_APPICON_NAME = AppIcon;
				ASSETCATALOG_COMPILER_GLOBAL_ACCENT_COLOR_NAME = AccentColor;
				CODE_SIGN_STYLE = Automatic;
				CURRENT_PROJECT_VERSION = 1;
				DEVELOPMENT_ASSET_PATHS = "\"FirebaseWithTCA/Preview Content\"";
				DEVELOPMENT_TEAM = KK8AJMY46V;
				ENABLE_PREVIEWS = YES;
				GENERATE_INFOPLIST_FILE = YES;
				INFOPLIST_KEY_UIApplicationSceneManifest_Generation = YES;
				INFOPLIST_KEY_UIApplicationSupportsIndirectInputEvents = YES;
				INFOPLIST_KEY_UILaunchScreen_Generation = YES;
				INFOPLIST_KEY_UISupportedInterfaceOrientations_iPad = "UIInterfaceOrientationPortrait UIInterfaceOrientationPortraitUpsideDown UIInterfaceOrientationLandscapeLeft UIInterfaceOrientationLandscapeRight";
				INFOPLIST_KEY_UISupportedInterfaceOrientations_iPhone = "UIInterfaceOrientationPortrait UIInterfaceOrientationLandscapeLeft UIInterfaceOrientationLandscapeRight";
				LD_RUNPATH_SEARCH_PATHS = (
					"$(inherited)",
					"@executable_path/Frameworks",
				);
				MARKETING_VERSION = 1.0;
				PRODUCT_BUNDLE_IDENTIFIER = jp.pocosoft.FirebaseWithTCA;
				PRODUCT_NAME = "$(TARGET_NAME)";
				SWIFT_EMIT_LOC_STRINGS = YES;
				SWIFT_VERSION = 5.0;
				TARGETED_DEVICE_FAMILY = "1,2";
			};
			name = Debug;
		};
		257666312898EAAD00E75EC1 /* Release */ = {
			isa = XCBuildConfiguration;
			buildSettings = {
				ASSETCATALOG_COMPILER_APPICON_NAME = AppIcon;
				ASSETCATALOG_COMPILER_GLOBAL_ACCENT_COLOR_NAME = AccentColor;
				CODE_SIGN_STYLE = Automatic;
				CURRENT_PROJECT_VERSION = 1;
				DEVELOPMENT_ASSET_PATHS = "\"FirebaseWithTCA/Preview Content\"";
				DEVELOPMENT_TEAM = KK8AJMY46V;
				ENABLE_PREVIEWS = YES;
				GENERATE_INFOPLIST_FILE = YES;
				INFOPLIST_KEY_UIApplicationSceneManifest_Generation = YES;
				INFOPLIST_KEY_UIApplicationSupportsIndirectInputEvents = YES;
				INFOPLIST_KEY_UILaunchScreen_Generation = YES;
				INFOPLIST_KEY_UISupportedInterfaceOrientations_iPad = "UIInterfaceOrientationPortrait UIInterfaceOrientationPortraitUpsideDown UIInterfaceOrientationLandscapeLeft UIInterfaceOrientationLandscapeRight";
				INFOPLIST_KEY_UISupportedInterfaceOrientations_iPhone = "UIInterfaceOrientationPortrait UIInterfaceOrientationLandscapeLeft UIInterfaceOrientationLandscapeRight";
				LD_RUNPATH_SEARCH_PATHS = (
					"$(inherited)",
					"@executable_path/Frameworks",
				);
				MARKETING_VERSION = 1.0;
				PRODUCT_BUNDLE_IDENTIFIER = jp.pocosoft.FirebaseWithTCA;
				PRODUCT_NAME = "$(TARGET_NAME)";
				SWIFT_EMIT_LOC_STRINGS = YES;
				SWIFT_VERSION = 5.0;
				TARGETED_DEVICE_FAMILY = "1,2";
			};
			name = Release;
		};
		257666332898EAAD00E75EC1 /* Debug */ = {
			isa = XCBuildConfiguration;
			buildSettings = {
				ALWAYS_EMBED_SWIFT_STANDARD_LIBRARIES = YES;
				BUNDLE_LOADER = "$(TEST_HOST)";
				CODE_SIGN_STYLE = Automatic;
				CURRENT_PROJECT_VERSION = 1;
				DEVELOPMENT_TEAM = KK8AJMY46V;
				GENERATE_INFOPLIST_FILE = YES;
				IPHONEOS_DEPLOYMENT_TARGET = 15.4;
				MARKETING_VERSION = 1.0;
				PRODUCT_BUNDLE_IDENTIFIER = jp.pocosoft.FirebaseWithTCATests;
				PRODUCT_NAME = "$(TARGET_NAME)";
				SWIFT_EMIT_LOC_STRINGS = NO;
				SWIFT_VERSION = 5.0;
				TARGETED_DEVICE_FAMILY = "1,2";
				TEST_HOST = "$(BUILT_PRODUCTS_DIR)/FirebaseWithTCA.app/FirebaseWithTCA";
			};
			name = Debug;
		};
		257666342898EAAD00E75EC1 /* Release */ = {
			isa = XCBuildConfiguration;
			buildSettings = {
				ALWAYS_EMBED_SWIFT_STANDARD_LIBRARIES = YES;
				BUNDLE_LOADER = "$(TEST_HOST)";
				CODE_SIGN_STYLE = Automatic;
				CURRENT_PROJECT_VERSION = 1;
				DEVELOPMENT_TEAM = KK8AJMY46V;
				GENERATE_INFOPLIST_FILE = YES;
				IPHONEOS_DEPLOYMENT_TARGET = 15.4;
				MARKETING_VERSION = 1.0;
				PRODUCT_BUNDLE_IDENTIFIER = jp.pocosoft.FirebaseWithTCATests;
				PRODUCT_NAME = "$(TARGET_NAME)";
				SWIFT_EMIT_LOC_STRINGS = NO;
				SWIFT_VERSION = 5.0;
				TARGETED_DEVICE_FAMILY = "1,2";
				TEST_HOST = "$(BUILT_PRODUCTS_DIR)/FirebaseWithTCA.app/FirebaseWithTCA";
			};
			name = Release;
		};
/* End XCBuildConfiguration section */

/* Begin XCConfigurationList section */
		257666062898EAAC00E75EC1 /* Build configuration list for PBXProject "FirebaseWithTCA" */ = {
			isa = XCConfigurationList;
			buildConfigurations = (
				2576662D2898EAAD00E75EC1 /* Debug */,
				2576662E2898EAAD00E75EC1 /* Release */,
			);
			defaultConfigurationIsVisible = 0;
			defaultConfigurationName = Release;
		};
		2576662F2898EAAD00E75EC1 /* Build configuration list for PBXNativeTarget "FirebaseWithTCA" */ = {
			isa = XCConfigurationList;
			buildConfigurations = (
				257666302898EAAD00E75EC1 /* Debug */,
				257666312898EAAD00E75EC1 /* Release */,
			);
			defaultConfigurationIsVisible = 0;
			defaultConfigurationName = Release;
		};
		257666322898EAAD00E75EC1 /* Build configuration list for PBXNativeTarget "FirebaseWithTCATests" */ = {
			isa = XCConfigurationList;
			buildConfigurations = (
				257666332898EAAD00E75EC1 /* Debug */,
				257666342898EAAD00E75EC1 /* Release */,
			);
			defaultConfigurationIsVisible = 0;
			defaultConfigurationName = Release;
		};
/* End XCConfigurationList section */

/* Begin XCRemoteSwiftPackageReference section */
		257666382898EB0E00E75EC1 /* XCRemoteSwiftPackageReference "swift-composable-architecture" */ = {
			isa = XCRemoteSwiftPackageReference;
			repositoryURL = "https://github.com/pointfreeco/swift-composable-architecture";
			requirement = {
				kind = upToNextMinorVersion;
				minimumVersion = 0.47.2;
			};
		};
		2576663B2898EB8400E75EC1 /* XCRemoteSwiftPackageReference "firebase-ios-sdk" */ = {
			isa = XCRemoteSwiftPackageReference;
			repositoryURL = "https://github.com/firebase/firebase-ios-sdk";
			requirement = {
				branch = master;
				kind = branch;
			};
		};
/* End XCRemoteSwiftPackageReference section */

/* Begin XCSwiftPackageProductDependency section */
		257666392898EB0E00E75EC1 /* ComposableArchitecture */ = {
			isa = XCSwiftPackageProductDependency;
			package = 257666382898EB0E00E75EC1 /* XCRemoteSwiftPackageReference "swift-composable-architecture" */;
			productName = ComposableArchitecture;
		};
		2576663C2898EB8400E75EC1 /* FirebaseAuth */ = {
			isa = XCSwiftPackageProductDependency;
			package = 2576663B2898EB8400E75EC1 /* XCRemoteSwiftPackageReference "firebase-ios-sdk" */;
			productName = FirebaseAuth;
		};
		2576663E2898EB8400E75EC1 /* FirebaseAuthCombine-Community */ = {
			isa = XCSwiftPackageProductDependency;
			package = 2576663B2898EB8400E75EC1 /* XCRemoteSwiftPackageReference "firebase-ios-sdk" */;
			productName = "FirebaseAuthCombine-Community";
		};
		257666402898EB8400E75EC1 /* FirebaseDynamicLinks */ = {
			isa = XCSwiftPackageProductDependency;
			package = 2576663B2898EB8400E75EC1 /* XCRemoteSwiftPackageReference "firebase-ios-sdk" */;
			productName = FirebaseDynamicLinks;
		};
/* End XCSwiftPackageProductDependency section */
	};
	rootObject = 257666032898EAAC00E75EC1 /* Project object */;
}
